
Microsoft Visual Studio Solution File, Format Version 12.00
# Visual Studio Version 17
VisualStudioVersion = 17.10.34928.147
MinimumVisualStudioVersion = 10.0.40219.1
Project("{FAE04EC0-301F-11D3-BF4B-00C04F79EFBC}") = "Lesson-8 Inheritance - Polymorphism", "Lesson-8 Inheritance - Polymorphism.csproj", "{A46DC261-900D-4492-B3A2-B2F895B6A67D}"
EndProject
Global
	GlobalSection(SolutionConfigurationPlatforms) = preSolution
		Debug|Any CPU = Debug|Any CPU
		Release|Any CPU = Release|Any CPU
	EndGlobalSection
	GlobalSection(ProjectConfigurationPlatforms) = postSolution
		{A46DC261-900D-4492-B3A2-B2F895B6A67D}.Debug|Any CPU.ActiveCfg = Debug|Any CPU
		{A46DC261-900D-4492-B3A2-B2F895B6A67D}.Debug|Any CPU.Build.0 = Debug|Any CPU
		{A46DC261-900D-4492-B3A2-B2F895B6A67D}.Release|Any CPU.ActiveCfg = Release|Any CPU
		{A46DC261-900D-4492-B3A2-B2F895B6A67D}.Release|Any CPU.Build.0 = Release|Any CPU
	EndGlobalSection
	GlobalSection(SolutionProperties) = preSolution
		HideSolutionNode = FALSE
	EndGlobalSection
	GlobalSection(ExtensibilityGlobals) = postSolution
		SolutionGuid = {CD76DE1F-02D6-40FD-ACB8-534FF4A3DD06}
	EndGlobalSection
EndGlobal
